{
    "_meta": {
        "hash": {
            "sha256": "950c20f50b2c86aed19bb75494c68670eb547e68068bb84b74c8d9c21d0860a2"
        },
        "pipfile-spec": 6,
        "requires": {
            "python_version": "3.7"
        },
        "sources": [
            {
                "name": "pypi",
                "url": "https://pypi.org/simple",
                "verify_ssl": true
            }
        ]
    },
    "default": {
        "mint": {
            "path": "."
        }
    },
    "develop": {}
}
